
Microsoft Visual Studio Solution File, Format Version 12.00
# Visual Studio Version 16
VisualStudioVersion = 16.0.30907.101
MinimumVisualStudioVersion = 10.0.40219.1
Project("{9A19103F-16F7-4668-BE54-9A1E7A4F7556}") = "StockBusinessLogic", "StockBusinessLogic\StockBusinessLogic.csproj", "{8D0E9EC3-8B62-4802-99A0-5316E8849FDC}"
EndProject
Project("{FAE04EC0-301F-11D3-BF4B-00C04F79EFBC}") = "StockDatabaseImplement", "StockDatabaseImplement\StockDatabaseImplement.csproj", "{03E5AE8B-CC4A-4863-827B-47D3C7B63C89}"
EndProject
Project("{FAE04EC0-301F-11D3-BF4B-00C04F79EFBC}") = "StockView", "StockView\StockView.csproj", "{100C18BF-740B-4F91-8563-FDAA4796C3A7}"
EndProject
Global
	GlobalSection(SolutionConfigurationPlatforms) = preSolution
		Debug|Any CPU = Debug|Any CPU
		Release|Any CPU = Release|Any CPU
	EndGlobalSection
	GlobalSection(ProjectConfigurationPlatforms) = postSolution
		{8D0E9EC3-8B62-4802-99A0-5316E8849FDC}.Debug|Any CPU.ActiveCfg = Debug|Any CPU
		{8D0E9EC3-8B62-4802-99A0-5316E8849FDC}.Debug|Any CPU.Build.0 = Debug|Any CPU
		{8D0E9EC3-8B62-4802-99A0-5316E8849FDC}.Release|Any CPU.ActiveCfg = Release|Any CPU
		{8D0E9EC3-8B62-4802-99A0-5316E8849FDC}.Release|Any CPU.Build.0 = Release|Any CPU
		{03E5AE8B-CC4A-4863-827B-47D3C7B63C89}.Debug|Any CPU.ActiveCfg = Debug|Any CPU
		{03E5AE8B-CC4A-4863-827B-47D3C7B63C89}.Debug|Any CPU.Build.0 = Debug|Any CPU
		{03E5AE8B-CC4A-4863-827B-47D3C7B63C89}.Release|Any CPU.ActiveCfg = Release|Any CPU
		{03E5AE8B-CC4A-4863-827B-47D3C7B63C89}.Release|Any CPU.Build.0 = Release|Any CPU
		{100C18BF-740B-4F91-8563-FDAA4796C3A7}.Debug|Any CPU.ActiveCfg = Debug|Any CPU
		{100C18BF-740B-4F91-8563-FDAA4796C3A7}.Debug|Any CPU.Build.0 = Debug|Any CPU
		{100C18BF-740B-4F91-8563-FDAA4796C3A7}.Release|Any CPU.ActiveCfg = Release|Any CPU
		{100C18BF-740B-4F91-8563-FDAA4796C3A7}.Release|Any CPU.Build.0 = Release|Any CPU
	EndGlobalSection
	GlobalSection(SolutionProperties) = preSolution
		HideSolutionNode = FALSE
	EndGlobalSection
	GlobalSection(ExtensibilityGlobals) = postSolution
		SolutionGuid = {A31E1FB2-C0CB-4842-89D7-C40C0B94C872}
	EndGlobalSection
EndGlobal
